
Microsoft Visual Studio Solution File, Format Version 12.00
# Visual Studio 15
VisualStudioVersion = 15.0.28307.1525
MinimumVisualStudioVersion = 10.0.40219.1
Project("{FAE04EC0-301F-11D3-BF4B-00C04F79EFBC}") = "QLFILM", "QLFILM\QLFILM.csproj", "{7F4F8CC9-2812-4C39-8E7D-0C5B5E15C378}"
EndProject
Global
	GlobalSection(SolutionConfigurationPlatforms) = preSolution
		Debug|Any CPU = Debug|Any CPU
		Release|Any CPU = Release|Any CPU
	EndGlobalSection
	GlobalSection(ProjectConfigurationPlatforms) = postSolution
		{7F4F8CC9-2812-4C39-8E7D-0C5B5E15C378}.Debug|Any CPU.ActiveCfg = Debug|Any CPU
		{7F4F8CC9-2812-4C39-8E7D-0C5B5E15C378}.Debug|Any CPU.Build.0 = Debug|Any CPU
		{7F4F8CC9-2812-4C39-8E7D-0C5B5E15C378}.Release|Any CPU.ActiveCfg = Release|Any CPU
		{7F4F8CC9-2812-4C39-8E7D-0C5B5E15C378}.Release|Any CPU.Build.0 = Release|Any CPU
	EndGlobalSection
	GlobalSection(SolutionProperties) = preSolution
		HideSolutionNode = FALSE
	EndGlobalSection
	GlobalSection(ExtensibilityGlobals) = postSolution
		SolutionGuid = {47B540BC-2A84-40B9-845F-36BB3C0E8E48}
	EndGlobalSection
EndGlobal
